
Microsoft Visual Studio Solution File, Format Version 12.00
# Visual Studio Version 17
VisualStudioVersion = 17.8.34330.188
MinimumVisualStudioVersion = 10.0.40219.1
Project("{FAE04EC0-301F-11D3-BF4B-00C04F79EFBC}") = "Interactive_game_Chelyabinsk", "Interactive_game_Chelyabinsk\Interactive_game_Chelyabinsk.csproj", "{F1802581-1701-408E-B497-8430160F7821}"
EndProject
Global
	GlobalSection(SolutionConfigurationPlatforms) = preSolution
		Debug|Any CPU = Debug|Any CPU
		Release|Any CPU = Release|Any CPU
	EndGlobalSection
	GlobalSection(ProjectConfigurationPlatforms) = postSolution
		{F1802581-1701-408E-B497-8430160F7821}.Debug|Any CPU.ActiveCfg = Debug|Any CPU
		{F1802581-1701-408E-B497-8430160F7821}.Debug|Any CPU.Build.0 = Debug|Any CPU
		{F1802581-1701-408E-B497-8430160F7821}.Release|Any CPU.ActiveCfg = Release|Any CPU
		{F1802581-1701-408E-B497-8430160F7821}.Release|Any CPU.Build.0 = Release|Any CPU
	EndGlobalSection
	GlobalSection(SolutionProperties) = preSolution
		HideSolutionNode = FALSE
	EndGlobalSection
	GlobalSection(ExtensibilityGlobals) = postSolution
		SolutionGuid = {211C6051-3E2B-4A10-A1B2-2EA2A47CFBBB}
	EndGlobalSection
EndGlobal
